// !$*UTF8*$!
{
	archiveVersion = 1;
	classes = {
	};
	objectVersion = 46;
	objects = {

/* Begin PBXBuildFile section */
		3F25E5591C98FE2C00B6A30A /* main.m in Sources */ = {isa = PBXBuildFile; fileRef = 3F25E5581C98FE2C00B6A30A /* main.m */; };
		3F25E55C1C98FE2C00B6A30A /* AppDelegate.m in Sources */ = {isa = PBXBuildFile; fileRef = 3F25E55B1C98FE2C00B6A30A /* AppDelegate.m */; };
		3F25E55F1C98FE2C00B6A30A /* ViewController.m in Sources */ = {isa = PBXBuildFile; fileRef = 3F25E55E1C98FE2C00B6A30A /* ViewController.m */; };
		3F25E5621C98FE2C00B6A30A /* Main.storyboard in Resources */ = {isa = PBXBuildFile; fileRef = 3F25E5601C98FE2C00B6A30A /* Main.storyboard */; };
		3F25E5641C98FE2C00B6A30A /* Assets.xcassets in Resources */ = {isa = PBXBuildFile; fileRef = 3F25E5631C98FE2C00B6A30A /* Assets.xcassets */; };
		3F25E5671C98FE2C00B6A30A /* LaunchScreen.storyboard in Resources */ = {isa = PBXBuildFile; fileRef = 3F25E5651C98FE2C00B6A30A /* LaunchScreen.storyboard */; };
		3F25E5721C98FE2C00B6A30A /* _11Tests.m in Sources */ = {isa = PBXBuildFile; fileRef = 3F25E5711C98FE2C00B6A30A /* _11Tests.m */; };
		3F25E57D1C98FE2C00B6A30A /* _11UITests.m in Sources */ = {isa = PBXBuildFile; fileRef = 3F25E57C1C98FE2C00B6A30A /* _11UITests.m */; };
/* End PBXBuildFile section */

/* Begin PBXContainerItemProxy section */
		3F25E56E1C98FE2C00B6A30A /* PBXContainerItemProxy */ = {
			isa = PBXContainerItemProxy;
			containerPortal = 3F25E54C1C98FE2C00B6A30A /* Project object */;
			proxyType = 1;
			remoteGlobalIDString = 3F25E5531C98FE2C00B6A30A;
			remoteInfo = 111;
		};
		3F25E5791C98FE2C00B6A30A /* PBXContainerItemProxy */ = {
			isa = PBXContainerItemProxy;
			containerPortal = 3F25E54C1C98FE2C00B6A30A /* Project object */;
			proxyType = 1;
			remoteGlobalIDString = 3F25E5531C98FE2C00B6A30A;
			remoteInfo = 111;
		};
/* End PBXContainerItemProxy section */

/* Begin PBXFileReference section */
		3F25E5541C98FE2C00B6A30A /* 111.app */ = {isa = PBXFileReference; explicitFileType = wrapper.application; includeInIndex = 0; path = 111.app; sourceTree = BUILT_PRODUCTS_DIR; };
		3F25E5581C98FE2C00B6A30A /* main.m */ = {isa = PBXFileReference; lastKnownFileType = sourcecode.c.objc; path = main.m; sourceTree = "<group>"; };
		3F25E55A1C98FE2C00B6A30A /* AppDelegate.h */ = {isa = PBXFileReference; lastKnownFileType = sourcecode.c.h; path = AppDelegate.h; sourceTree = "<group>"; };
		3F25E55B1C98FE2C00B6A30A /* AppDelegate.m */ = {isa = PBXFileReference; lastKnownFileType = sourcecode.c.objc; path = AppDelegate.m; sourceTree = "<group>"; };
		3F25E55D1C98FE2C00B6A30A /* ViewController.h */ = {isa = PBXFileReference; lastKnownFileType = sourcecode.c.h; path = ViewController.h; sourceTree = "<group>"; };
		3F25E55E1C98FE2C00B6A30A /* ViewController.m */ = {isa = PBXFileReference; lastKnownFileType = sourcecode.c.objc; path = ViewController.m; sourceTree = "<group>"; };
		3F25E5611C98FE2C00B6A30A /* Base */ = {isa = PBXFileReference; lastKnownFileType = file.storyboard; name = Base; path = Base.lproj/Main.storyboard; sourceTree = "<group>"; };
		3F25E5631C98FE2C00B6A30A /* Assets.xcassets */ = {isa = PBXFileReference; lastKnownFileType = folder.assetcatalog; path = Assets.xcassets; sourceTree = "<group>"; };
		3F25E5661C98FE2C00B6A30A /* Base */ = {isa = PBXFileReference; lastKnownFileType = file.storyboard; name = Base; path = Base.lproj/LaunchScreen.storyboard; sourceTree = "<group>"; };
		3F25E5681C98FE2C00B6A30A /* Info.plist */ = {isa = PBXFileReference; lastKnownFileType = text.plist.xml; path = Info.plist; sourceTree = "<group>"; };
		3F25E56D1C98FE2C00B6A30A /* 111Tests.xctest */ = {isa = PBXFileReference; explicitFileType = wrapper.cfbundle; includeInIndex = 0; path = 111Tests.xctest; sourceTree = BUILT_PRODUCTS_DIR; };
		3F25E5711C98FE2C00B6A30A /* _11Tests.m */ = {isa = PBXFileReference; lastKnownFileType = sourcecode.c.objc; path = _11Tests.m; sourceTree = "<group>"; };
		3F25E5731C98FE2C00B6A30A /* Info.plist */ = {isa = PBXFileReference; lastKnownFileType = text.plist.xml; path = Info.plist; sourceTree = "<group>"; };
		3F25E5781C98FE2C00B6A30A /* 111UITests.xctest */ = {isa = PBXFileReference; explicitFileType = wrapper.cfbundle; includeInIndex = 0; path = 111UITests.xctest; sourceTree = BUILT_PRODUCTS_DIR; };
		3F25E57C1C98FE2C00B6A30A /* _11UITests.m */ = {isa = PBXFileReference; lastKnownFileType = sourcecode.c.objc; path = _11UITests.m; sourceTree = "<group>"; };
		3F25E57E1C98FE2C00B6A30A /* Info.plist */ = {isa = PBXFileReference; lastKnownFileType = text.plist.xml; path = Info.plist; sourceTree = "<group>"; };
/* End PBXFileReference section */

/* Begin PBXFrameworksBuildPhase section */
		3F25E5511C98FE2C00B6A30A /* Frameworks */ = {
			isa = PBXFrameworksBuildPhase;
			buildActionMask = 2147483647;
			files = (
			);
			runOnlyForDeploymentPostprocessing = 0;
		};
		3F25E56A1C98FE2C00B6A30A /* Frameworks */ = {
			isa = PBXFrameworksBuildPhase;
			buildActionMask = 2147483647;
			files = (
			);
			runOnlyForDeploymentPostprocessing = 0;
		};
		3F25E5751C98FE2C00B6A30A /* Frameworks */ = {
			isa = PBXFrameworksBuildPhase;
			buildActionMask = 2147483647;
			files = (
			);
			runOnlyForDeploymentPostprocessing = 0;
		};
/* End PBXFrameworksBuildPhase section */

/* Begin PBXGroup section */
		3F25E54B1C98FE2C00B6A30A = {
			isa = PBXGroup;
			children = (
				3F25E5561C98FE2C00B6A30A /* 111 */,
				3F25E5701C98FE2C00B6A30A /* 111Tests */,
				3F25E57B1C98FE2C00B6A30A /* 111UITests */,
				3F25E5551C98FE2C00B6A30A /* Products */,
			);
			sourceTree = "<group>";
		};
		3F25E5551C98FE2C00B6A30A /* Products */ = {
			isa = PBXGroup;
			children = (
				3F25E5541C98FE2C00B6A30A /* 111.app */,
				3F25E56D1C98FE2C00B6A30A /* 111Tests.xctest */,
				3F25E5781C98FE2C00B6A30A /* 111UITests.xctest */,
			);
			name = Products;
			sourceTree = "<group>";
		};
		3F25E5561C98FE2C00B6A30A /* 111 */ = {
			isa = PBXGroup;
			children = (
				3F25E55A1C98FE2C00B6A30A /* AppDelegate.h */,
				3F25E55B1C98FE2C00B6A30A /* AppDelegate.m */,
				3F25E55D1C98FE2C00B6A30A /* ViewController.h */,
				3F25E55E1C98FE2C00B6A30A /* ViewController.m */,
				3F25E5601C98FE2C00B6A30A /* Main.storyboard */,
				3F25E5631C98FE2C00B6A30A /* Assets.xcassets */,
				3F25E5651C98FE2C00B6A30A /* LaunchScreen.storyboard */,
				3F25E5681C98FE2C00B6A30A /* Info.plist */,
				3F25E5571C98FE2C00B6A30A /* Supporting Files */,
			);
			path = 111;
			sourceTree = "<group>";
		};
		3F25E5571C98FE2C00B6A30A /* Supporting Files */ = {
			isa = PBXGroup;
			children = (
				3F25E5581C98FE2C00B6A30A /* main.m */,
			);
			name = "Supporting Files";
			sourceTree = "<group>";
		};
		3F25E5701C98FE2C00B6A30A /* 111Tests */ = {
			isa = PBXGroup;
			children = (
				3F25E5711C98FE2C00B6A30A /* _11Tests.m */,
				3F25E5731C98FE2C00B6A30A /* Info.plist */,
			);
			path = 111Tests;
			sourceTree = "<group>";
		};
		3F25E57B1C98FE2C00B6A30A /* 111UITests */ = {
			isa = PBXGroup;
			children = (
				3F25E57C1C98FE2C00B6A30A /* _11UITests.m */,
				3F25E57E1C98FE2C00B6A30A /* Info.plist */,
			);
			path = 111UITests;
			sourceTree = "<group>";
		};
/* End PBXGroup section */

/* Begin PBXNativeTarget section */
		3F25E5531C98FE2C00B6A30A /* 111 */ = {
			isa = PBXNativeTarget;
			buildConfigurationList = 3F25E5811C98FE2C00B6A30A /* Build configuration list for PBXNativeTarget "111" */;
			buildPhases = (
				3F25E5501C98FE2C00B6A30A /* Sources */,
				3F25E5511C98FE2C00B6A30A /* Frameworks */,
				3F25E5521C98FE2C00B6A30A /* Resources */,
			);
			buildRules = (
			);
			dependencies = (
			);
			name = 111;
			productName = 111;
			productReference = 3F25E5541C98FE2C00B6A30A /* 111.app */;
			productType = "com.apple.product-type.application";
		};
		3F25E56C1C98FE2C00B6A30A /* 111Tests */ = {
			isa = PBXNativeTarget;
			buildConfigurationList = 3F25E5841C98FE2C00B6A30A /* Build configuration list for PBXNativeTarget "111Tests" */;
			buildPhases = (
				3F25E5691C98FE2C00B6A30A /* Sources */,
				3F25E56A1C98FE2C00B6A30A /* Frameworks */,
				3F25E56B1C98FE2C00B6A30A /* Resources */,
			);
			buildRules = (
			);
			dependencies = (
				3F25E56F1C98FE2C00B6A30A /* PBXTargetDependency */,
			);
			name = 111Tests;
			productName = 111Tests;
			productReference = 3F25E56D1C98FE2C00B6A30A /* 111Tests.xctest */;
			productType = "com.apple.product-type.bundle.unit-test";
		};
		3F25E5771C98FE2C00B6A30A /* 111UITests */ = {
			isa = PBXNativeTarget;
			buildConfigurationList = 3F25E5871C98FE2C00B6A30A /* Build configuration list for PBXNativeTarget "111UITests" */;
			buildPhases = (
				3F25E5741C98FE2C00B6A30A /* Sources */,
				3F25E5751C98FE2C00B6A30A /* Frameworks */,
				3F25E5761C98FE2C00B6A30A /* Resources */,
			);
			buildRules = (
			);
			dependencies = (
				3F25E57A1C98FE2C00B6A30A /* PBXTargetDependency */,
			);
			name = 111UITests;
			productName = 111UITests;
			productReference = 3F25E5781C98FE2C00B6A30A /* 111UITests.xctest */;
			productType = "com.apple.product-type.bundle.ui-testing";
		};
/* End PBXNativeTarget section */

/* Begin PBXProject section */
		3F25E54C1C98FE2C00B6A30A /* Project object */ = {
			isa = PBXProject;
			attributes = {
				LastUpgradeCheck = 0700;
				ORGANIZATIONNAME = xiaoju;
				TargetAttributes = {
					3F25E5531C98FE2C00B6A30A = {
						CreatedOnToolsVersion = 7.0.1;
					};
					3F25E56C1C98FE2C00B6A30A = {
						CreatedOnToolsVersion = 7.0.1;
						TestTargetID = 3F25E5531C98FE2C00B6A30A;
					};
					3F25E5771C98FE2C00B6A30A = {
						CreatedOnToolsVersion = 7.0.1;
						TestTargetID = 3F25E5531C98FE2C00B6A30A;
					};
				};
			};
			buildConfigurationList = 3F25E54F1C98FE2C00B6A30A /* Build configuration list for PBXProject "111" */;
			compatibilityVersion = "Xcode 3.2";
			developmentRegion = English;
			hasScannedForEncodings = 0;
			knownRegions = (
				en,
				Base,
			);
			mainGroup = 3F25E54B1C98FE2C00B6A30A;
			productRefGroup = 3F25E5551C98FE2C00B6A30A /* Products */;
			projectDirPath = "";
			projectRoot = "";
			targets = (
				3F25E5531C98FE2C00B6A30A /* 111 */,
				3F25E56C1C98FE2C00B6A30A /* 111Tests */,
				3F25E5771C98FE2C00B6A30A /* 111UITests */,
			);
		};
/* End PBXProject section */

/* Begin PBXResourcesBuildPhase section */
		3F25E5521C98FE2C00B6A30A /* Resources */ = {
			isa = PBXResourcesBuildPhase;
			buildActionMask = 2147483647;
			files = (
				3F25E5671C98FE2C00B6A30A /* LaunchScreen.storyboard in Resources */,
				3F25E5641C98FE2C00B6A30A /* Assets.xcassets in Resources */,
				3F25E5621C98FE2C00B6A30A /* Main.storyboard in Resources */,
			);
			runOnlyForDeploymentPostprocessing = 0;
		};
		3F25E56B1C98FE2C00B6A30A /* Resources */ = {
			isa = PBXResourcesBuildPhase;
			buildActionMask = 2147483647;
			files = (
			);
			runOnlyForDeploymentPostprocessing = 0;
		};
		3F25E5761C98FE2C00B6A30A /* Resources */ = {
			isa = PBXResourcesBuildPhase;
			buildActionMask = 2147483647;
			files = (
			);
			runOnlyForDeploymentPostprocessing = 0;
		};
/* End PBXResourcesBuildPhase section */

/* Begin PBXSourcesBuildPhase section */
		3F25E5501C98FE2C00B6A30A /* Sources */ = {
			isa = PBXSourcesBuildPhase;
			buildActionMask = 2147483647;
			files = (
				3F25E55F1C98FE2C00B6A30A /* ViewController.m in Sources */,
				3F25E55C1C98FE2C00B6A30A /* AppDelegate.m in Sources */,
				3F25E5591C98FE2C00B6A30A /* main.m in Sources */,
			);
			runOnlyForDeploymentPostprocessing = 0;
		};
		3F25E5691C98FE2C00B6A30A /* Sources */ = {
			isa = PBXSourcesBuildPhase;
			buildActionMask = 2147483647;
			files = (
				3F25E5721C98FE2C00B6A30A /* _11Tests.m in Sources */,
			);
			runOnlyForDeploymentPostprocessing = 0;
		};
		3F25E5741C98FE2C00B6A30A /* Sources */ = {
			isa = PBXSourcesBuildPhase;
			buildActionMask = 2147483647;
			files = (
				3F25E57D1C98FE2C00B6A30A /* _11UITests.m in Sources */,
			);
			runOnlyForDeploymentPostprocessing = 0;
		};
/* End PBXSourcesBuildPhase section */

/* Begin PBXTargetDependency section */
		3F25E56F1C98FE2C00B6A30A /* PBXTargetDependency */ = {
			isa = PBXTargetDependency;
			target = 3F25E5531C98FE2C00B6A30A /* 111 */;
			targetProxy = 3F25E56E1C98FE2C00B6A30A /* PBXContainerItemProxy */;
		};
		3F25E57A1C98FE2C00B6A30A /* PBXTargetDependency */ = {
			isa = PBXTargetDependency;
			target = 3F25E5531C98FE2C00B6A30A /* 111 */;
			targetProxy = 3F25E5791C98FE2C00B6A30A /* PBXContainerItemProxy */;
		};
/* End PBXTargetDependency section */

/* Begin PBXVariantGroup section */
		3F25E5601C98FE2C00B6A30A /* Main.storyboard */ = {
			isa = PBXVariantGroup;
			children = (
				3F25E5611C98FE2C00B6A30A /* Base */,
			);
			name = Main.storyboard;
			sourceTree = "<group>";
		};
		3F25E5651C98FE2C00B6A30A /* LaunchScreen.storyboard */ = {
			isa = PBXVariantGroup;
			children = (
				3F25E5661C98FE2C00B6A30A /* Base */,
			);
			name = LaunchScreen.storyboard;
			sourceTree = "<group>";
		};
/* End PBXVariantGroup section */

/* Begin XCBuildConfiguration section */
		3F25E57F1C98FE2C00B6A30A /* Debug */ = {
			isa = XCBuildConfiguration;
			buildSettings = {
				ALWAYS_SEARCH_USER_PATHS = NO;
				CLANG_CXX_LANGUAGE_STANDARD = "gnu++0x";
				CLANG_CXX_LIBRARY = "libc++";
				CLANG_ENABLE_MODULES = YES;
				CLANG_ENABLE_OBJC_ARC = YES;
				CLANG_WARN_BOOL_CONVERSION = YES;
				CLANG_WARN_CONSTANT_CONVERSION = YES;
				CLANG_WARN_DIRECT_OBJC_ISA_USAGE = YES_ERROR;
				CLANG_WARN_EMPTY_BODY = YES;
				CLANG_WARN_ENUM_CONVERSION = YES;
				CLANG_WARN_INT_CONVERSION = YES;
				CLANG_WARN_OBJC_ROOT_CLASS = YES_ERROR;
				CLANG_WARN_UNREACHABLE_CODE = YES;
				CLANG_WARN__DUPLICATE_METHOD_MATCH = YES;
				"CODE_SIGN_IDENTITY[sdk=iphoneos*]" = "iPhone Developer";
				COPY_PHASE_STRIP = NO;
				DEBUG_INFORMATION_FORMAT = dwarf;
				ENABLE_STRICT_OBJC_MSGSEND = YES;
				ENABLE_TESTABILITY = YES;
				GCC_C_LANGUAGE_STANDARD = gnu99;
				GCC_DYNAMIC_NO_PIC = NO;
				GCC_NO_COMMON_BLOCKS = YES;
				GCC_OPTIMIZATION_LEVEL = 0;
				GCC_PREPROCESSOR_DEFINITIONS = (
					"DEBUG=1",
					"$(inherited)",
				);
				GCC_WARN_64_TO_32_BIT_CONVERSION = YES;
				GCC_WARN_ABOUT_RETURN_TYPE = YES_ERROR;
				GCC_WARN_UNDECLARED_SELECTOR = YES;
				GCC_WARN_UNINITIALIZED_AUTOS = YES_AGGRESSIVE;
				GCC_WARN_UNUSED_FUNCTION = YES;
				GCC_WARN_UNUSED_VARIABLE = YES;
				IPHONEOS_DEPLOYMENT_TARGET = 9.0;
				MTL_ENABLE_DEBUG_INFO = YES;
				ONLY_ACTIVE_ARCH = YES;
				SDKROOT = iphoneos;
			};
			name = Debug;
		};
		3F25E5801C98FE2C00B6A30A /* Release */ = {
			isa = XCBuildConfiguration;
			buildSettings = {
				ALWAYS_SEARCH_USER_PATHS = NO;
				CLANG_CXX_LANGUAGE_STANDARD = "gnu++0x";
				CLANG_CXX_LIBRARY = "libc++";
				CLANG_ENABLE_MODULES = YES;
				CLANG_ENABLE_OBJC_ARC = YES;
				CLANG_WARN_BOOL_CONVERSION = YES;
				CLANG_WARN_CONSTANT_CONVERSION = YES;
				CLANG_WARN_DIRECT_OBJC_ISA_USAGE = YES_ERROR;
				CLANG_WARN_EMPTY_BODY = YES;
				CLANG_WARN_ENUM_CONVERSION = YES;
				CLANG_WARN_INT_CONVERSION = YES;
				CLANG_WARN_OBJC_ROOT_CLASS = YES_ERROR;
				CLANG_WARN_UNREACHABLE_CODE = YES;
				CLANG_WARN__DUPLICATE_METHOD_MATCH = YES;
				"CODE_SIGN_IDENTITY[sdk=iphoneos*]" = "iPhone Developer";
				COPY_PHASE_STRIP = NO;
				DEBUG_INFORMATION_FORMAT = "dwarf-with-dsym";
				ENABLE_NS_ASSERTIONS = NO;
				ENABLE_STRICT_OBJC_MSGSEND = YES;
				GCC_C_LANGUAGE_STANDARD = gnu99;
				GCC_NO_COMMON_BLOCKS = YES;
				GCC_WARN_64_TO_32_BIT_CONVERSION = YES;
				GCC_WARN_ABOUT_RETURN_TYPE = YES_ERROR;
				GCC_WARN_UNDECLARED_SELECTOR = YES;
				GCC_WARN_UNINITIALIZED_AUTOS = YES_AGGRESSIVE;
				GCC_WARN_UNUSED_FUNCTION = YES;
				GCC_WARN_UNUSED_VARIABLE = YES;
				IPHONEOS_DEPLOYMENT_TARGET = 9.0;
				MTL_ENABLE_DEBUG_INFO = NO;
				SDKROOT = iphoneos;
				VALIDATE_PRODUCT = YES;
			};
			name = Release;
		};
		3F25E5821C98FE2C00B6A30A /* Debug */ = {
			isa = XCBuildConfiguration;
			buildSettings = {
				ASSETCATALOG_COMPILER_APPICON_NAME = AppIcon;
				INFOPLIST_FILE = 111/Info.plist;
				LD_RUNPATH_SEARCH_PATHS = "$(inherited) @executable_path/Frameworks";
				PRODUCT_BUNDLE_IDENTIFIER = "llll.-11";
				PRODUCT_NAME = "$(TARGET_NAME)";
			};
			name = Debug;
		};
		3F25E5831C98FE2C00B6A30A /* Release */ = {
			isa = XCBuildConfiguration;
			buildSettings = {
				ASSETCATALOG_COMPILER_APPICON_NAME = AppIcon;
				INFOPLIST_FILE = 111/Info.plist;
				LD_RUNPATH_SEARCH_PATHS = "$(inherited) @executable_path/Frameworks";
				PRODUCT_BUNDLE_IDENTIFIER = "llll.-11";
				PRODUCT_NAME = "$(TARGET_NAME)";
			};
			name = Release;
		};
		3F25E5851C98FE2C00B6A30A /* Debug */ = {
			isa = XCBuildConfiguration;
			buildSettings = {
				BUNDLE_LOADER = "$(TEST_HOST)";
				INFOPLIST_FILE = 111Tests/Info.plist;
				LD_RUNPATH_SEARCH_PATHS = "$(inherited) @executable_path/Frameworks @loader_path/Frameworks";
				PRODUCT_BUNDLE_IDENTIFIER = "llll.-11Tests";
				PRODUCT_NAME = "$(TARGET_NAME)";
				TEST_HOST = "$(BUILT_PRODUCTS_DIR)/111.app/111";
			};
			name = Debug;
		};
		3F25E5861C98FE2C00B6A30A /* Release */ = {
			isa = XCBuildConfiguration;
			buildSettings = {
				BUNDLE_LOADER = "$(TEST_HOST)";
				INFOPLIST_FILE = 111Tests/Info.plist;
				LD_RUNPATH_SEARCH_PATHS = "$(inherited) @executable_path/Frameworks @loader_path/Frameworks";
				PRODUCT_BUNDLE_IDENTIFIER = "llll.-11Tests";
				PRODUCT_NAME = "$(TARGET_NAME)";
				TEST_HOST = "$(BUILT_PRODUCTS_DIR)/111.app/111";
			};
			name = Release;
		};
		3F25E5881C98FE2C00B6A30A /* Debug */ = {
			isa = XCBuildConfiguration;
			buildSettings = {
				INFOPLIST_FILE = 111UITests/Info.plist;
				LD_RUNPATH_SEARCH_PATHS = "$(inherited) @executable_path/Frameworks @loader_path/Frameworks";
				PRODUCT_BUNDLE_IDENTIFIER = "llll.-11UITests";
				PRODUCT_NAME = "$(TARGET_NAME)";
				TEST_TARGET_NAME = 111;
				USES_XCTRUNNER = YES;
			};
			name = Debug;
		};
		3F25E5891C98FE2C00B6A30A /* Release */ = {
			isa = XCBuildConfiguration;
			buildSettings = {
				INFOPLIST_FILE = 111UITests/Info.plist;
				LD_RUNPATH_SEARCH_PATHS = "$(inherited) @executable_path/Frameworks @loader_path/Frameworks";
				PRODUCT_BUNDLE_IDENTIFIER = "llll.-11UITests";
				PRODUCT_NAME = "$(TARGET_NAME)";
				TEST_TARGET_NAME = 111;
				USES_XCTRUNNER = YES;
			};
			name = Release;
		};
/* End XCBuildConfiguration section */

/* Begin XCConfigurationList section */
		3F25E54F1C98FE2C00B6A30A /* Build configuration list for PBXProject "111" */ = {
			isa = XCConfigurationList;
			buildConfigurations = (
				3F25E57F1C98FE2C00B6A30A /* Debug */,
				3F25E5801C98FE2C00B6A30A /* Release */,
			);
			defaultConfigurationIsVisible = 0;
			defaultConfigurationName = Release;
		};
		3F25E5811C98FE2C00B6A30A /* Build configuration list for PBXNativeTarget "111" */ = {
			isa = XCConfigurationList;
			buildConfigurations = (
				3F25E5821C98FE2C00B6A30A /* Debug */,
				3F25E5831C98FE2C00B6A30A /* Release */,
			);
			defaultConfigurationIsVisible = 0;
		};
		3F25E5841C98FE2C00B6A30A /* Build configuration list for PBXNativeTarget "111Tests" */ = {
			isa = XCConfigurationList;
			buildConfigurations = (
				3F25E5851C98FE2C00B6A30A /* Debug */,
				3F25E5861C98FE2C00B6A30A /* Release */,
			);
			defaultConfigurationIsVisible = 0;
		};
		3F25E5871C98FE2C00B6A30A /* Build configuration list for PBXNativeTarget "111UITests" */ = {
			isa = XCConfigurationList;
			buildConfigurations = (
				3F25E5881C98FE2C00B6A30A /* Debug */,
				3F25E5891C98FE2C00B6A30A /* Release */,
			);
			defaultConfigurationIsVisible = 0;
		};
/* End XCConfigurationList section */
	};
	rootObject = 3F25E54C1C98FE2C00B6A30A /* Project object */;
}
